
Microsoft Visual Studio Solution File, Format Version 12.00
# Visual Studio Version 16
VisualStudioVersion = 16.0.29613.14
MinimumVisualStudioVersion = 10.0.40219.1
Project("{FAE04EC0-301F-11D3-BF4B-00C04F79EFBC}") = "Projet_AP", "Projet_AP.csproj", "{6403825B-B460-4D96-993B-4BB3B45C09B8}"
EndProject
Global
	GlobalSection(SolutionConfigurationPlatforms) = preSolution
		Debug|Any CPU = Debug|Any CPU
		Release|Any CPU = Release|Any CPU
	EndGlobalSection
	GlobalSection(ProjectConfigurationPlatforms) = postSolution
		{6403825B-B460-4D96-993B-4BB3B45C09B8}.Debug|Any CPU.ActiveCfg = Debug|Any CPU
		{6403825B-B460-4D96-993B-4BB3B45C09B8}.Debug|Any CPU.Build.0 = Debug|Any CPU
		{6403825B-B460-4D96-993B-4BB3B45C09B8}.Release|Any CPU.ActiveCfg = Release|Any CPU
		{6403825B-B460-4D96-993B-4BB3B45C09B8}.Release|Any CPU.Build.0 = Release|Any CPU
	EndGlobalSection
	GlobalSection(SolutionProperties) = preSolution
		HideSolutionNode = FALSE
	EndGlobalSection
	GlobalSection(ExtensibilityGlobals) = postSolution
		SolutionGuid = {6DB2CE8A-2663-43B5-BEAE-DCA881104196}
	EndGlobalSection
EndGlobal
